
Microsoft Visual Studio Solution File, Format Version 12.00
# Visual Studio Version 17
VisualStudioVersion = 17.3.32929.385
MinimumVisualStudioVersion = 10.0.40219.1
Project("{FAE04EC0-301F-11D3-BF4B-00C04F79EFBC}") = "RepoPattern.API", "RepoPattern\RepoPattern.API.csproj", "{2C960F04-4002-499A-BC93-EED5CE46E2F1}"
EndProject
Project("{FAE04EC0-301F-11D3-BF4B-00C04F79EFBC}") = "RepoPattern.Core", "RepoPattern.Core\RepoPattern.Core.csproj", "{50DA57C6-1AB6-4034-9DFF-A776E9D6B6B2}"
EndProject
Project("{FAE04EC0-301F-11D3-BF4B-00C04F79EFBC}") = "RepoPattern.EF", "RepoPattern.EF\RepoPattern.EF.csproj", "{282CCF70-FDCE-458F-9C19-B1C9E632B6A0}"
EndProject
Global
	GlobalSection(SolutionConfigurationPlatforms) = preSolution
		Debug|Any CPU = Debug|Any CPU
		Release|Any CPU = Release|Any CPU
	EndGlobalSection
	GlobalSection(ProjectConfigurationPlatforms) = postSolution
		{2C960F04-4002-499A-BC93-EED5CE46E2F1}.Debug|Any CPU.ActiveCfg = Debug|Any CPU
		{2C960F04-4002-499A-BC93-EED5CE46E2F1}.Debug|Any CPU.Build.0 = Debug|Any CPU
		{2C960F04-4002-499A-BC93-EED5CE46E2F1}.Release|Any CPU.ActiveCfg = Release|Any CPU
		{2C960F04-4002-499A-BC93-EED5CE46E2F1}.Release|Any CPU.Build.0 = Release|Any CPU
		{50DA57C6-1AB6-4034-9DFF-A776E9D6B6B2}.Debug|Any CPU.ActiveCfg = Debug|Any CPU
		{50DA57C6-1AB6-4034-9DFF-A776E9D6B6B2}.Debug|Any CPU.Build.0 = Debug|Any CPU
		{50DA57C6-1AB6-4034-9DFF-A776E9D6B6B2}.Release|Any CPU.ActiveCfg = Release|Any CPU
		{50DA57C6-1AB6-4034-9DFF-A776E9D6B6B2}.Release|Any CPU.Build.0 = Release|Any CPU
		{282CCF70-FDCE-458F-9C19-B1C9E632B6A0}.Debug|Any CPU.ActiveCfg = Debug|Any CPU
		{282CCF70-FDCE-458F-9C19-B1C9E632B6A0}.Debug|Any CPU.Build.0 = Debug|Any CPU
		{282CCF70-FDCE-458F-9C19-B1C9E632B6A0}.Release|Any CPU.ActiveCfg = Release|Any CPU
		{282CCF70-FDCE-458F-9C19-B1C9E632B6A0}.Release|Any CPU.Build.0 = Release|Any CPU
	EndGlobalSection
	GlobalSection(SolutionProperties) = preSolution
		HideSolutionNode = FALSE
	EndGlobalSection
	GlobalSection(ExtensibilityGlobals) = postSolution
		SolutionGuid = {FA7D27E2-6B12-4A84-BBC5-BF03B514DC36}
	EndGlobalSection
EndGlobal
